apiVersion: vendir.k14s.io/v1alpha1
directories:
- contents:
  - git:
      commitTitle: 'chore: no need of chart integration test gh action'
      sha: eb000fe2d94ac1220ea06c157791db61a442e6a6
    path: .
  path: ../.github/workflows/vendor
- contents:
  - git:
      commitTitle: 'chore: no need of chart integration test gh action'
      sha: eb000fe2d94ac1220ea06c157791db61a442e6a6
    path: .
  path: ./vendor
kind: LockConfig
