apiVersion: vendir.k14s.io/v1alpha1
directories:
- contents:
  - git:
      commitTitle: 'fix: path to test-on-docker-host'
      sha: 8fb6b0ddf2640a2278a1a85693191f347a473c2e
    path: .
  path: ../.github/workflows/vendor
- contents:
  - git:
      commitTitle: 'fix: path to test-on-docker-host'
      sha: 8fb6b0ddf2640a2278a1a85693191f347a473c2e
    path: .
  path: ./vendor
kind: LockConfig
